{
  "requires": true,
  "lockfileVersion": 1,
  "dependencies": {
    "node": {
      "version": "10.5.0",
      "resolved": "https://registry.npmjs.org/node/-/node-10.5.0.tgz",
      "integrity": "sha512-HC3oQ9ACWz/ltGQwNQbQvTQzvEC86MkaDs6QW7JF8BjRCIFR7ik4A68Se3Jj+FcOI7jc/BftlvVDDR7s7SVHvg==",
      "requires": {
        "node-bin-setup": "^1.0.0"
      }
    },
    "node-bin-setup": {
      "version": "1.0.6",
      "resolved": "https://registry.npmjs.org/node-bin-setup/-/node-bin-setup-1.0.6.tgz",
      "integrity": "sha512-uPIxXNis1CRbv1DwqAxkgBk5NFV3s7cMN/Gf556jSw6jBvV7ca4F9lRL/8cALcZecRibeqU+5dFYqFFmzv5a0Q=="
    }
  }
}
